
Microsoft Visual Studio Solution File, Format Version 12.00
# Visual Studio Version 17
VisualStudioVersion = 17.9.34714.143
MinimumVisualStudioVersion = 10.0.40219.1
Project("{FAE04EC0-301F-11D3-BF4B-00C04F79EFBC}") = "EmploymentSystem.Data", "EmploymentSystem.Data.csproj", "{EA30EE45-461B-4365-AC4A-5A4C2393186B}"
EndProject
Project("{FAE04EC0-301F-11D3-BF4B-00C04F79EFBC}") = "EmploymentSystem.DTO", "..\EmploymentSystem.Services\EmploymentSystem.DTO.csproj", "{51CC9E42-6E59-4A59-9112-185C44D184DD}"
EndProject
Project("{FAE04EC0-301F-11D3-BF4B-00C04F79EFBC}") = "EmploymentSystem.CQRS", "..\EmploymentSystem.CQRS\EmploymentSystem.CQRS.csproj", "{BD9056CC-B2AE-4B2B-A4C2-C5CF65D8037D}"
EndProject
Project("{FAE04EC0-301F-11D3-BF4B-00C04F79EFBC}") = "EmploymentSystem.Service", "..\EmploymentSystem.Service\EmploymentSystem.Service.csproj", "{31821B96-7243-4C86-B0BD-EBB09A3EF652}"
EndProject
Project("{FAE04EC0-301F-11D3-BF4B-00C04F79EFBC}") = "EmploymentSystem.API", "..\EmploymentSystem.API\EmploymentSystem.API.csproj", "{3CB355CA-AEC9-4350-ACCE-9673CDB7313E}"
EndProject
Global
	GlobalSection(SolutionConfigurationPlatforms) = preSolution
		Debug|Any CPU = Debug|Any CPU
		Release|Any CPU = Release|Any CPU
	EndGlobalSection
	GlobalSection(ProjectConfigurationPlatforms) = postSolution
		{EA30EE45-461B-4365-AC4A-5A4C2393186B}.Debug|Any CPU.ActiveCfg = Debug|Any CPU
		{EA30EE45-461B-4365-AC4A-5A4C2393186B}.Debug|Any CPU.Build.0 = Debug|Any CPU
		{EA30EE45-461B-4365-AC4A-5A4C2393186B}.Release|Any CPU.ActiveCfg = Release|Any CPU
		{EA30EE45-461B-4365-AC4A-5A4C2393186B}.Release|Any CPU.Build.0 = Release|Any CPU
		{51CC9E42-6E59-4A59-9112-185C44D184DD}.Debug|Any CPU.ActiveCfg = Debug|Any CPU
		{51CC9E42-6E59-4A59-9112-185C44D184DD}.Debug|Any CPU.Build.0 = Debug|Any CPU
		{51CC9E42-6E59-4A59-9112-185C44D184DD}.Release|Any CPU.ActiveCfg = Release|Any CPU
		{51CC9E42-6E59-4A59-9112-185C44D184DD}.Release|Any CPU.Build.0 = Release|Any CPU
		{BD9056CC-B2AE-4B2B-A4C2-C5CF65D8037D}.Debug|Any CPU.ActiveCfg = Debug|Any CPU
		{BD9056CC-B2AE-4B2B-A4C2-C5CF65D8037D}.Debug|Any CPU.Build.0 = Debug|Any CPU
		{BD9056CC-B2AE-4B2B-A4C2-C5CF65D8037D}.Release|Any CPU.ActiveCfg = Release|Any CPU
		{BD9056CC-B2AE-4B2B-A4C2-C5CF65D8037D}.Release|Any CPU.Build.0 = Release|Any CPU
		{31821B96-7243-4C86-B0BD-EBB09A3EF652}.Debug|Any CPU.ActiveCfg = Debug|Any CPU
		{31821B96-7243-4C86-B0BD-EBB09A3EF652}.Debug|Any CPU.Build.0 = Debug|Any CPU
		{31821B96-7243-4C86-B0BD-EBB09A3EF652}.Release|Any CPU.ActiveCfg = Release|Any CPU
		{31821B96-7243-4C86-B0BD-EBB09A3EF652}.Release|Any CPU.Build.0 = Release|Any CPU
		{3CB355CA-AEC9-4350-ACCE-9673CDB7313E}.Debug|Any CPU.ActiveCfg = Debug|Any CPU
		{3CB355CA-AEC9-4350-ACCE-9673CDB7313E}.Debug|Any CPU.Build.0 = Debug|Any CPU
		{3CB355CA-AEC9-4350-ACCE-9673CDB7313E}.Release|Any CPU.ActiveCfg = Release|Any CPU
		{3CB355CA-AEC9-4350-ACCE-9673CDB7313E}.Release|Any CPU.Build.0 = Release|Any CPU
	EndGlobalSection
	GlobalSection(SolutionProperties) = preSolution
		HideSolutionNode = FALSE
	EndGlobalSection
	GlobalSection(ExtensibilityGlobals) = postSolution
		SolutionGuid = {4E6ECB6E-496C-463F-826B-9A885F59E576}
	EndGlobalSection
EndGlobal
